
Microsoft Visual Studio Solution File, Format Version 12.00
# Visual Studio Version 16
VisualStudioVersion = 16.0.31229.75
MinimumVisualStudioVersion = 10.0.40219.1
Project("{FAE04EC0-301F-11D3-BF4B-00C04F79EFBC}") = "SteganoLib", "SteganoLib\SteganoLib.csproj", "{349A53DE-B511-40C5-B1ED-B9E1C4657EF8}"
EndProject
Global
	GlobalSection(SolutionConfigurationPlatforms) = preSolution
		Debug|Any CPU = Debug|Any CPU
		Release|Any CPU = Release|Any CPU
	EndGlobalSection
	GlobalSection(ProjectConfigurationPlatforms) = postSolution
		{349A53DE-B511-40C5-B1ED-B9E1C4657EF8}.Debug|Any CPU.ActiveCfg = Debug|Any CPU
		{349A53DE-B511-40C5-B1ED-B9E1C4657EF8}.Debug|Any CPU.Build.0 = Debug|Any CPU
		{349A53DE-B511-40C5-B1ED-B9E1C4657EF8}.Release|Any CPU.ActiveCfg = Release|Any CPU
		{349A53DE-B511-40C5-B1ED-B9E1C4657EF8}.Release|Any CPU.Build.0 = Release|Any CPU
	EndGlobalSection
	GlobalSection(SolutionProperties) = preSolution
		HideSolutionNode = FALSE
	EndGlobalSection
	GlobalSection(ExtensibilityGlobals) = postSolution
		SolutionGuid = {32BD4F6D-8AD5-48A2-87E1-60E3EFF902C4}
	EndGlobalSection
EndGlobal
